
Microsoft Visual Studio Solution File, Format Version 12.00
# Visual Studio 2013
VisualStudioVersion = 12.0.40629.0
MinimumVisualStudioVersion = 10.0.40219.1
Project("{FAE04EC0-301F-11D3-BF4B-00C04F79EFBC}") = "BusinessLayer", "BusinessLayer\BusinessLayer.csproj", "{EE7CEAB8-1FF3-4D87-9B4F-C3437F164891}"
EndProject
Project("{FAE04EC0-301F-11D3-BF4B-00C04F79EFBC}") = "Client", "Client\Client.csproj", "{8B47D130-2CBA-46CD-B7D8-4051FE13736C}"
EndProject
Project("{FAE04EC0-301F-11D3-BF4B-00C04F79EFBC}") = "Server", "Server\Server.csproj", "{9D424BE1-1EBA-4530-9E89-188E2E22846F}"
EndProject
Global
	GlobalSection(SolutionConfigurationPlatforms) = preSolution
		Debug|Any CPU = Debug|Any CPU
		Release|Any CPU = Release|Any CPU
	EndGlobalSection
	GlobalSection(ProjectConfigurationPlatforms) = postSolution
		{EE7CEAB8-1FF3-4D87-9B4F-C3437F164891}.Debug|Any CPU.ActiveCfg = Debug|Any CPU
		{EE7CEAB8-1FF3-4D87-9B4F-C3437F164891}.Debug|Any CPU.Build.0 = Debug|Any CPU
		{EE7CEAB8-1FF3-4D87-9B4F-C3437F164891}.Release|Any CPU.ActiveCfg = Release|Any CPU
		{EE7CEAB8-1FF3-4D87-9B4F-C3437F164891}.Release|Any CPU.Build.0 = Release|Any CPU
		{8B47D130-2CBA-46CD-B7D8-4051FE13736C}.Debug|Any CPU.ActiveCfg = Debug|Any CPU
		{8B47D130-2CBA-46CD-B7D8-4051FE13736C}.Debug|Any CPU.Build.0 = Debug|Any CPU
		{8B47D130-2CBA-46CD-B7D8-4051FE13736C}.Release|Any CPU.ActiveCfg = Release|Any CPU
		{8B47D130-2CBA-46CD-B7D8-4051FE13736C}.Release|Any CPU.Build.0 = Release|Any CPU
		{9D424BE1-1EBA-4530-9E89-188E2E22846F}.Debug|Any CPU.ActiveCfg = Debug|Any CPU
		{9D424BE1-1EBA-4530-9E89-188E2E22846F}.Debug|Any CPU.Build.0 = Debug|Any CPU
		{9D424BE1-1EBA-4530-9E89-188E2E22846F}.Release|Any CPU.ActiveCfg = Release|Any CPU
		{9D424BE1-1EBA-4530-9E89-188E2E22846F}.Release|Any CPU.Build.0 = Release|Any CPU
	EndGlobalSection
	GlobalSection(SolutionProperties) = preSolution
		HideSolutionNode = FALSE
	EndGlobalSection
EndGlobal
